// !$*UTF8*$!
{
	archiveVersion = 1;
	classes = {
	};
	objectVersion = 50;
	objects = {

/* Begin PBXBuildFile section */
		EDA61CC92721BBFD000765FD /* RealEstateMain.c in Sources */ = {isa = PBXBuildFile; fileRef = EDA61CC72721BBFD000765FD /* RealEstateMain.c */; };
		EDA61CCC2721BFAC000765FD /* RealEstateCommon.c in Sources */ = {isa = PBXBuildFile; fileRef = EDA61CCB2721BFAC000765FD /* RealEstateCommon.c */; };
		EDA61CCF2721C88E000765FD /* Property.c in Sources */ = {isa = PBXBuildFile; fileRef = EDA61CCE2721C88E000765FD /* Property.c */; };
		EDA61CD22721CA43000765FD /* RealEstateCompany.c in Sources */ = {isa = PBXBuildFile; fileRef = EDA61CD12721CA43000765FD /* RealEstateCompany.c */; };
/* End PBXBuildFile section */

/* Begin PBXCopyFilesBuildPhase section */
		EDA61CB42721BB6D000765FD /* CopyFiles */ = {
			isa = PBXCopyFilesBuildPhase;
			buildActionMask = 2147483647;
			dstPath = /usr/share/man/man1/;
			dstSubfolderSpec = 0;
			files = (
			);
			runOnlyForDeploymentPostprocessing = 1;
		};
/* End PBXCopyFilesBuildPhase section */

/* Begin PBXFileReference section */
		EDA61CB62721BB6D000765FD /* Real Estate Company */ = {isa = PBXFileReference; explicitFileType = "compiled.mach-o.executable"; includeInIndex = 0; path = "Real Estate Company"; sourceTree = BUILT_PRODUCTS_DIR; };
		EDA61CC72721BBFD000765FD /* RealEstateMain.c */ = {isa = PBXFileReference; fileEncoding = 4; lastKnownFileType = sourcecode.c.c; path = RealEstateMain.c; sourceTree = "<group>"; };
		EDA61CCA2721BFAC000765FD /* RealEstateCommon.h */ = {isa = PBXFileReference; lastKnownFileType = sourcecode.c.h; path = RealEstateCommon.h; sourceTree = "<group>"; };
		EDA61CCB2721BFAC000765FD /* RealEstateCommon.c */ = {isa = PBXFileReference; lastKnownFileType = sourcecode.c.c; path = RealEstateCommon.c; sourceTree = "<group>"; };
		EDA61CCD2721C88E000765FD /* Property.h */ = {isa = PBXFileReference; lastKnownFileType = sourcecode.c.h; path = Property.h; sourceTree = "<group>"; };
		EDA61CCE2721C88E000765FD /* Property.c */ = {isa = PBXFileReference; lastKnownFileType = sourcecode.c.c; path = Property.c; sourceTree = "<group>"; };
		EDA61CD02721CA43000765FD /* RealEstateCompany.h */ = {isa = PBXFileReference; lastKnownFileType = sourcecode.c.h; path = RealEstateCompany.h; sourceTree = "<group>"; };
		EDA61CD12721CA43000765FD /* RealEstateCompany.c */ = {isa = PBXFileReference; lastKnownFileType = sourcecode.c.c; path = RealEstateCompany.c; sourceTree = "<group>"; };
/* End PBXFileReference section */

/* Begin PBXFrameworksBuildPhase section */
		EDA61CB32721BB6D000765FD /* Frameworks */ = {
			isa = PBXFrameworksBuildPhase;
			buildActionMask = 2147483647;
			files = (
			);
			runOnlyForDeploymentPostprocessing = 0;
		};
/* End PBXFrameworksBuildPhase section */

/* Begin PBXGroup section */
		EDA61CAD2721BB6D000765FD = {
			isa = PBXGroup;
			children = (
				EDA61CB82721BB6D000765FD /* Real Estate Company */,
				EDA61CB72721BB6D000765FD /* Products */,
			);
			sourceTree = "<group>";
		};
		EDA61CB72721BB6D000765FD /* Products */ = {
			isa = PBXGroup;
			children = (
				EDA61CB62721BB6D000765FD /* Real Estate Company */,
			);
			name = Products;
			sourceTree = "<group>";
		};
		EDA61CB82721BB6D000765FD /* Real Estate Company */ = {
			isa = PBXGroup;
			children = (
				EDA61CC72721BBFD000765FD /* RealEstateMain.c */,
				EDA61CCA2721BFAC000765FD /* RealEstateCommon.h */,
				EDA61CCD2721C88E000765FD /* Property.h */,
				EDA61CD02721CA43000765FD /* RealEstateCompany.h */,
				EDA61CD12721CA43000765FD /* RealEstateCompany.c */,
				EDA61CCE2721C88E000765FD /* Property.c */,
				EDA61CCB2721BFAC000765FD /* RealEstateCommon.c */,
			);
			path = "Real Estate Company";
			sourceTree = "<group>";
		};
/* End PBXGroup section */

/* Begin PBXNativeTarget section */
		EDA61CB52721BB6D000765FD /* Real Estate Company */ = {
			isa = PBXNativeTarget;
			buildConfigurationList = EDA61CBD2721BB6D000765FD /* Build configuration list for PBXNativeTarget "Real Estate Company" */;
			buildPhases = (
				EDA61CB22721BB6D000765FD /* Sources */,
				EDA61CB32721BB6D000765FD /* Frameworks */,
				EDA61CB42721BB6D000765FD /* CopyFiles */,
			);
			buildRules = (
			);
			dependencies = (
			);
			name = "Real Estate Company";
			productName = "Real Estate Company";
			productReference = EDA61CB62721BB6D000765FD /* Real Estate Company */;
			productType = "com.apple.product-type.tool";
		};
/* End PBXNativeTarget section */

/* Begin PBXProject section */
		EDA61CAE2721BB6D000765FD /* Project object */ = {
			isa = PBXProject;
			attributes = {
				LastUpgradeCheck = 1250;
				TargetAttributes = {
					EDA61CB52721BB6D000765FD = {
						CreatedOnToolsVersion = 12.5.1;
					};
				};
			};
			buildConfigurationList = EDA61CB12721BB6D000765FD /* Build configuration list for PBXProject "Real Estate Company" */;
			compatibilityVersion = "Xcode 9.3";
			developmentRegion = en;
			hasScannedForEncodings = 0;
			knownRegions = (
				en,
				Base,
			);
			mainGroup = EDA61CAD2721BB6D000765FD;
			productRefGroup = EDA61CB72721BB6D000765FD /* Products */;
			projectDirPath = "";
			projectRoot = "";
			targets = (
				EDA61CB52721BB6D000765FD /* Real Estate Company */,
			);
		};
/* End PBXProject section */

/* Begin PBXSourcesBuildPhase section */
		EDA61CB22721BB6D000765FD /* Sources */ = {
			isa = PBXSourcesBuildPhase;
			buildActionMask = 2147483647;
			files = (
				EDA61CCF2721C88E000765FD /* Property.c in Sources */,
				EDA61CD22721CA43000765FD /* RealEstateCompany.c in Sources */,
				EDA61CC92721BBFD000765FD /* RealEstateMain.c in Sources */,
				EDA61CCC2721BFAC000765FD /* RealEstateCommon.c in Sources */,
			);
			runOnlyForDeploymentPostprocessing = 0;
		};
/* End PBXSourcesBuildPhase section */

/* Begin XCBuildConfiguration section */
		EDA61CBB2721BB6D000765FD /* Debug */ = {
			isa = XCBuildConfiguration;
			buildSettings = {
				ALWAYS_SEARCH_USER_PATHS = NO;
				CLANG_ANALYZER_NONNULL = YES;
				CLANG_ANALYZER_NUMBER_OBJECT_CONVERSION = YES_AGGRESSIVE;
				CLANG_CXX_LANGUAGE_STANDARD = "gnu++14";
				CLANG_CXX_LIBRARY = "libc++";
				CLANG_ENABLE_MODULES = YES;
				CLANG_ENABLE_OBJC_ARC = YES;
				CLANG_ENABLE_OBJC_WEAK = YES;
				CLANG_WARN_BLOCK_CAPTURE_AUTORELEASING = YES;
				CLANG_WARN_BOOL_CONVERSION = YES;
				CLANG_WARN_COMMA = YES;
				CLANG_WARN_CONSTANT_CONVERSION = YES;
				CLANG_WARN_DEPRECATED_OBJC_IMPLEMENTATIONS = YES;
				CLANG_WARN_DIRECT_OBJC_ISA_USAGE = YES_ERROR;
				CLANG_WARN_DOCUMENTATION_COMMENTS = YES;
				CLANG_WARN_EMPTY_BODY = YES;
				CLANG_WARN_ENUM_CONVERSION = YES;
				CLANG_WARN_INFINITE_RECURSION = YES;
				CLANG_WARN_INT_CONVERSION = YES;
				CLANG_WARN_NON_LITERAL_NULL_CONVERSION = YES;
				CLANG_WARN_OBJC_IMPLICIT_RETAIN_SELF = YES;
				CLANG_WARN_OBJC_LITERAL_CONVERSION = YES;
				CLANG_WARN_OBJC_ROOT_CLASS = YES_ERROR;
				CLANG_WARN_QUOTED_INCLUDE_IN_FRAMEWORK_HEADER = YES;
				CLANG_WARN_RANGE_LOOP_ANALYSIS = YES;
				CLANG_WARN_STRICT_PROTOTYPES = YES;
				CLANG_WARN_SUSPICIOUS_MOVE = YES;
				CLANG_WARN_UNGUARDED_AVAILABILITY = YES_AGGRESSIVE;
				CLANG_WARN_UNREACHABLE_CODE = YES;
				CLANG_WARN__DUPLICATE_METHOD_MATCH = YES;
				COPY_PHASE_STRIP = NO;
				DEBUG_INFORMATION_FORMAT = dwarf;
				ENABLE_STRICT_OBJC_MSGSEND = YES;
				ENABLE_TESTABILITY = YES;
				GCC_C_LANGUAGE_STANDARD = gnu11;
				GCC_DYNAMIC_NO_PIC = NO;
				GCC_NO_COMMON_BLOCKS = YES;
				GCC_OPTIMIZATION_LEVEL = 0;
				GCC_PREPROCESSOR_DEFINITIONS = (
					"DEBUG=1",
					"$(inherited)",
				);
				GCC_WARN_64_TO_32_BIT_CONVERSION = YES;
				GCC_WARN_ABOUT_RETURN_TYPE = YES_ERROR;
				GCC_WARN_UNDECLARED_SELECTOR = YES;
				GCC_WARN_UNINITIALIZED_AUTOS = YES_AGGRESSIVE;
				GCC_WARN_UNUSED_FUNCTION = YES;
				GCC_WARN_UNUSED_VARIABLE = YES;
				MACOSX_DEPLOYMENT_TARGET = 11.2;
				MTL_ENABLE_DEBUG_INFO = INCLUDE_SOURCE;
				MTL_FAST_MATH = YES;
				ONLY_ACTIVE_ARCH = YES;
				SDKROOT = macosx;
			};
			name = Debug;
		};
		EDA61CBC2721BB6D000765FD /* Release */ = {
			isa = XCBuildConfiguration;
			buildSettings = {
				ALWAYS_SEARCH_USER_PATHS = NO;
				CLANG_ANALYZER_NONNULL = YES;
				CLANG_ANALYZER_NUMBER_OBJECT_CONVERSION = YES_AGGRESSIVE;
				CLANG_CXX_LANGUAGE_STANDARD = "gnu++14";
				CLANG_CXX_LIBRARY = "libc++";
				CLANG_ENABLE_MODULES = YES;
				CLANG_ENABLE_OBJC_ARC = YES;
				CLANG_ENABLE_OBJC_WEAK = YES;
				CLANG_WARN_BLOCK_CAPTURE_AUTORELEASING = YES;
				CLANG_WARN_BOOL_CONVERSION = YES;
				CLANG_WARN_COMMA = YES;
				CLANG_WARN_CONSTANT_CONVERSION = YES;
				CLANG_WARN_DEPRECATED_OBJC_IMPLEMENTATIONS = YES;
				CLANG_WARN_DIRECT_OBJC_ISA_USAGE = YES_ERROR;
				CLANG_WARN_DOCUMENTATION_COMMENTS = YES;
				CLANG_WARN_EMPTY_BODY = YES;
				CLANG_WARN_ENUM_CONVERSION = YES;
				CLANG_WARN_INFINITE_RECURSION = YES;
				CLANG_WARN_INT_CONVERSION = YES;
				CLANG_WARN_NON_LITERAL_NULL_CONVERSION = YES;
				CLANG_WARN_OBJC_IMPLICIT_RETAIN_SELF = YES;
				CLANG_WARN_OBJC_LITERAL_CONVERSION = YES;
				CLANG_WARN_OBJC_ROOT_CLASS = YES_ERROR;
				CLANG_WARN_QUOTED_INCLUDE_IN_FRAMEWORK_HEADER = YES;
				CLANG_WARN_RANGE_LOOP_ANALYSIS = YES;
				CLANG_WARN_STRICT_PROTOTYPES = YES;
				CLANG_WARN_SUSPICIOUS_MOVE = YES;
				CLANG_WARN_UNGUARDED_AVAILABILITY = YES_AGGRESSIVE;
				CLANG_WARN_UNREACHABLE_CODE = YES;
				CLANG_WARN__DUPLICATE_METHOD_MATCH = YES;
				COPY_PHASE_STRIP = NO;
				DEBUG_INFORMATION_FORMAT = "dwarf-with-dsym";
				ENABLE_NS_ASSERTIONS = NO;
				ENABLE_STRICT_OBJC_MSGSEND = YES;
				GCC_C_LANGUAGE_STANDARD = gnu11;
				GCC_NO_COMMON_BLOCKS = YES;
				GCC_WARN_64_TO_32_BIT_CONVERSION = YES;
				GCC_WARN_ABOUT_RETURN_TYPE = YES_ERROR;
				GCC_WARN_UNDECLARED_SELECTOR = YES;
				GCC_WARN_UNINITIALIZED_AUTOS = YES_AGGRESSIVE;
				GCC_WARN_UNUSED_FUNCTION = YES;
				GCC_WARN_UNUSED_VARIABLE = YES;
				MACOSX_DEPLOYMENT_TARGET = 11.2;
				MTL_ENABLE_DEBUG_INFO = NO;
				MTL_FAST_MATH = YES;
				SDKROOT = macosx;
			};
			name = Release;
		};
		EDA61CBE2721BB6D000765FD /* Debug */ = {
			isa = XCBuildConfiguration;
			buildSettings = {
				CODE_SIGN_STYLE = Automatic;
				DEVELOPMENT_TEAM = D2VZ8N8LJC;
				ENABLE_HARDENED_RUNTIME = YES;
				PRODUCT_NAME = "$(TARGET_NAME)";
			};
			name = Debug;
		};
		EDA61CBF2721BB6D000765FD /* Release */ = {
			isa = XCBuildConfiguration;
			buildSettings = {
				CODE_SIGN_STYLE = Automatic;
				DEVELOPMENT_TEAM = D2VZ8N8LJC;
				ENABLE_HARDENED_RUNTIME = YES;
				PRODUCT_NAME = "$(TARGET_NAME)";
			};
			name = Release;
		};
/* End XCBuildConfiguration section */

/* Begin XCConfigurationList section */
		EDA61CB12721BB6D000765FD /* Build configuration list for PBXProject "Real Estate Company" */ = {
			isa = XCConfigurationList;
			buildConfigurations = (
				EDA61CBB2721BB6D000765FD /* Debug */,
				EDA61CBC2721BB6D000765FD /* Release */,
			);
			defaultConfigurationIsVisible = 0;
			defaultConfigurationName = Release;
		};
		EDA61CBD2721BB6D000765FD /* Build configuration list for PBXNativeTarget "Real Estate Company" */ = {
			isa = XCConfigurationList;
			buildConfigurations = (
				EDA61CBE2721BB6D000765FD /* Debug */,
				EDA61CBF2721BB6D000765FD /* Release */,
			);
			defaultConfigurationIsVisible = 0;
			defaultConfigurationName = Release;
		};
/* End XCConfigurationList section */
	};
	rootObject = EDA61CAE2721BB6D000765FD /* Project object */;
}
